
Microsoft Visual Studio Solution File, Format Version 12.00
# Visual Studio Version 16
VisualStudioVersion = 16.0.29102.190
MinimumVisualStudioVersion = 10.0.40219.1
Project("{8BC9CEB8-8B4A-11D0-8D11-00A0C91BC942}") = "UnitTests", "UnitTests\UnitTests.vcxproj", "{03EC1709-D651-43B1-872A-67C43EE646C8}"
EndProject
Project("{8BC9CEB8-8B4A-11D0-8D11-00A0C91BC942}") = "Refrigerator", "Refrigerator\Refrigerator.vcxproj", "{BDC45FE7-FF17-48C5-BC87-B719542D8828}"
EndProject
Project("{8BC9CEB8-8B4A-11D0-8D11-00A0C91BC942}") = "ConsoleInput", "ConsoleInput\ConsoleInput.vcxproj", "{39521382-88C1-4969-9569-801AF2BEF82C}"
EndProject
Project("{8BC9CEB8-8B4A-11D0-8D11-00A0C91BC942}") = "Framework", "Framework\Framework.vcxproj", "{DCF87584-A8DE-4A00-8FDA-D8EED6FF1DCB}"
EndProject
Project("{8BC9CEB8-8B4A-11D0-8D11-00A0C91BC942}") = "RefrigeratorDLL", "RefrigeratorDLL\RefrigeratorDLL.vcxproj", "{D6AE8989-3CF9-4DDF-8885-6EDF444A91AC}"
EndProject
Project("{8BC9CEB8-8B4A-11D0-8D11-00A0C91BC942}") = "VendingMachine", "VendingMachine\VendingMachine.vcxproj", "{DD667C70-C4D5-4CFD-B28F-D0493C77EDB2}"
	ProjectSection(ProjectDependencies) = postProject
		{DCF87584-A8DE-4A00-8FDA-D8EED6FF1DCB} = {DCF87584-A8DE-4A00-8FDA-D8EED6FF1DCB}
	EndProjectSection
EndProject
Project("{8BC9CEB8-8B4A-11D0-8D11-00A0C91BC942}") = "VendingMachineRunner", "VendingMachineRunner\VendingMachineRunner.vcxproj", "{768D5698-1138-47F6-A936-4AC92E5C8C16}"
EndProject
Project("{8BC9CEB8-8B4A-11D0-8D11-00A0C91BC942}") = "ConsoleInputDLL", "ConsoleInputDLL\ConsoleInputDLL.vcxproj", "{589BDEBF-D588-4293-8DC1-BFCFDFE5DFAD}"
EndProject
Project("{2150E333-8FDC-42A3-9474-1A3956D46DE8}") = "InputSelectors", "InputSelectors", "{803EC5E1-50ED-4415-9969-303120CE710C}"
EndProject
Project("{2150E333-8FDC-42A3-9474-1A3956D46DE8}") = "TemperatureControllers", "TemperatureControllers", "{8C7CF31F-2B63-4E1E-BFAB-CCB300B710D2}"
EndProject
Project("{2150E333-8FDC-42A3-9474-1A3956D46DE8}") = "Vendors", "Vendors", "{25DF4144-5414-4999-89BE-EE8F05E75DF2}"
EndProject
Project("{8BC9CEB8-8B4A-11D0-8D11-00A0C91BC942}") = "CanVendor", "CanVendor\CanVendor.vcxproj", "{AC3572F3-1849-47C1-B6E0-FC8711DC18FD}"
EndProject
Project("{8BC9CEB8-8B4A-11D0-8D11-00A0C91BC942}") = "CanVendorDLL", "CanVendorDLL\CanVendorDLL.vcxproj", "{13660C89-0018-4895-B2E7-1924FF6D7755}"
EndProject
Global
	GlobalSection(SolutionConfigurationPlatforms) = preSolution
		Debug|x64 = Debug|x64
		Debug|x86 = Debug|x86
		Release|x64 = Release|x64
		Release|x86 = Release|x86
	EndGlobalSection
	GlobalSection(ProjectConfigurationPlatforms) = postSolution
		{03EC1709-D651-43B1-872A-67C43EE646C8}.Debug|x64.ActiveCfg = Debug|x64
		{03EC1709-D651-43B1-872A-67C43EE646C8}.Debug|x64.Build.0 = Debug|x64
		{03EC1709-D651-43B1-872A-67C43EE646C8}.Debug|x86.ActiveCfg = Debug|Win32
		{03EC1709-D651-43B1-872A-67C43EE646C8}.Debug|x86.Build.0 = Debug|Win32
		{03EC1709-D651-43B1-872A-67C43EE646C8}.Release|x64.ActiveCfg = Release|x64
		{03EC1709-D651-43B1-872A-67C43EE646C8}.Release|x64.Build.0 = Release|x64
		{03EC1709-D651-43B1-872A-67C43EE646C8}.Release|x86.ActiveCfg = Release|Win32
		{03EC1709-D651-43B1-872A-67C43EE646C8}.Release|x86.Build.0 = Release|Win32
		{BDC45FE7-FF17-48C5-BC87-B719542D8828}.Debug|x64.ActiveCfg = Debug|x64
		{BDC45FE7-FF17-48C5-BC87-B719542D8828}.Debug|x64.Build.0 = Debug|x64
		{BDC45FE7-FF17-48C5-BC87-B719542D8828}.Debug|x86.ActiveCfg = Debug|Win32
		{BDC45FE7-FF17-48C5-BC87-B719542D8828}.Debug|x86.Build.0 = Debug|Win32
		{BDC45FE7-FF17-48C5-BC87-B719542D8828}.Release|x64.ActiveCfg = Release|x64
		{BDC45FE7-FF17-48C5-BC87-B719542D8828}.Release|x64.Build.0 = Release|x64
		{BDC45FE7-FF17-48C5-BC87-B719542D8828}.Release|x86.ActiveCfg = Release|Win32
		{BDC45FE7-FF17-48C5-BC87-B719542D8828}.Release|x86.Build.0 = Release|Win32
		{39521382-88C1-4969-9569-801AF2BEF82C}.Debug|x64.ActiveCfg = Debug|x64
		{39521382-88C1-4969-9569-801AF2BEF82C}.Debug|x64.Build.0 = Debug|x64
		{39521382-88C1-4969-9569-801AF2BEF82C}.Debug|x86.ActiveCfg = Debug|Win32
		{39521382-88C1-4969-9569-801AF2BEF82C}.Debug|x86.Build.0 = Debug|Win32
		{39521382-88C1-4969-9569-801AF2BEF82C}.Release|x64.ActiveCfg = Release|x64
		{39521382-88C1-4969-9569-801AF2BEF82C}.Release|x64.Build.0 = Release|x64
		{39521382-88C1-4969-9569-801AF2BEF82C}.Release|x86.ActiveCfg = Release|Win32
		{39521382-88C1-4969-9569-801AF2BEF82C}.Release|x86.Build.0 = Release|Win32
		{DCF87584-A8DE-4A00-8FDA-D8EED6FF1DCB}.Debug|x64.ActiveCfg = Debug|x64
		{DCF87584-A8DE-4A00-8FDA-D8EED6FF1DCB}.Debug|x64.Build.0 = Debug|x64
		{DCF87584-A8DE-4A00-8FDA-D8EED6FF1DCB}.Debug|x86.ActiveCfg = Debug|Win32
		{DCF87584-A8DE-4A00-8FDA-D8EED6FF1DCB}.Debug|x86.Build.0 = Debug|Win32
		{DCF87584-A8DE-4A00-8FDA-D8EED6FF1DCB}.Release|x64.ActiveCfg = Release|x64
		{DCF87584-A8DE-4A00-8FDA-D8EED6FF1DCB}.Release|x64.Build.0 = Release|x64
		{DCF87584-A8DE-4A00-8FDA-D8EED6FF1DCB}.Release|x86.ActiveCfg = Release|Win32
		{DCF87584-A8DE-4A00-8FDA-D8EED6FF1DCB}.Release|x86.Build.0 = Release|Win32
		{D6AE8989-3CF9-4DDF-8885-6EDF444A91AC}.Debug|x64.ActiveCfg = Debug|x64
		{D6AE8989-3CF9-4DDF-8885-6EDF444A91AC}.Debug|x64.Build.0 = Debug|x64
		{D6AE8989-3CF9-4DDF-8885-6EDF444A91AC}.Debug|x86.ActiveCfg = Debug|Win32
		{D6AE8989-3CF9-4DDF-8885-6EDF444A91AC}.Debug|x86.Build.0 = Debug|Win32
		{D6AE8989-3CF9-4DDF-8885-6EDF444A91AC}.Release|x64.ActiveCfg = Release|x64
		{D6AE8989-3CF9-4DDF-8885-6EDF444A91AC}.Release|x64.Build.0 = Release|x64
		{D6AE8989-3CF9-4DDF-8885-6EDF444A91AC}.Release|x86.ActiveCfg = Release|Win32
		{D6AE8989-3CF9-4DDF-8885-6EDF444A91AC}.Release|x86.Build.0 = Release|Win32
		{DD667C70-C4D5-4CFD-B28F-D0493C77EDB2}.Debug|x64.ActiveCfg = Debug|x64
		{DD667C70-C4D5-4CFD-B28F-D0493C77EDB2}.Debug|x64.Build.0 = Debug|x64
		{DD667C70-C4D5-4CFD-B28F-D0493C77EDB2}.Debug|x86.ActiveCfg = Debug|Win32
		{DD667C70-C4D5-4CFD-B28F-D0493C77EDB2}.Debug|x86.Build.0 = Debug|Win32
		{DD667C70-C4D5-4CFD-B28F-D0493C77EDB2}.Release|x64.ActiveCfg = Release|x64
		{DD667C70-C4D5-4CFD-B28F-D0493C77EDB2}.Release|x64.Build.0 = Release|x64
		{DD667C70-C4D5-4CFD-B28F-D0493C77EDB2}.Release|x86.ActiveCfg = Release|Win32
		{DD667C70-C4D5-4CFD-B28F-D0493C77EDB2}.Release|x86.Build.0 = Release|Win32
		{768D5698-1138-47F6-A936-4AC92E5C8C16}.Debug|x64.ActiveCfg = Debug|x64
		{768D5698-1138-47F6-A936-4AC92E5C8C16}.Debug|x64.Build.0 = Debug|x64
		{768D5698-1138-47F6-A936-4AC92E5C8C16}.Debug|x86.ActiveCfg = Debug|Win32
		{768D5698-1138-47F6-A936-4AC92E5C8C16}.Debug|x86.Build.0 = Debug|Win32
		{768D5698-1138-47F6-A936-4AC92E5C8C16}.Release|x64.ActiveCfg = Release|x64
		{768D5698-1138-47F6-A936-4AC92E5C8C16}.Release|x64.Build.0 = Release|x64
		{768D5698-1138-47F6-A936-4AC92E5C8C16}.Release|x86.ActiveCfg = Release|Win32
		{768D5698-1138-47F6-A936-4AC92E5C8C16}.Release|x86.Build.0 = Release|Win32
		{589BDEBF-D588-4293-8DC1-BFCFDFE5DFAD}.Debug|x64.ActiveCfg = Debug|x64
		{589BDEBF-D588-4293-8DC1-BFCFDFE5DFAD}.Debug|x64.Build.0 = Debug|x64
		{589BDEBF-D588-4293-8DC1-BFCFDFE5DFAD}.Debug|x86.ActiveCfg = Debug|Win32
		{589BDEBF-D588-4293-8DC1-BFCFDFE5DFAD}.Debug|x86.Build.0 = Debug|Win32
		{589BDEBF-D588-4293-8DC1-BFCFDFE5DFAD}.Release|x64.ActiveCfg = Release|x64
		{589BDEBF-D588-4293-8DC1-BFCFDFE5DFAD}.Release|x64.Build.0 = Release|x64
		{589BDEBF-D588-4293-8DC1-BFCFDFE5DFAD}.Release|x86.ActiveCfg = Release|Win32
		{589BDEBF-D588-4293-8DC1-BFCFDFE5DFAD}.Release|x86.Build.0 = Release|Win32
		{AC3572F3-1849-47C1-B6E0-FC8711DC18FD}.Debug|x64.ActiveCfg = Debug|x64
		{AC3572F3-1849-47C1-B6E0-FC8711DC18FD}.Debug|x64.Build.0 = Debug|x64
		{AC3572F3-1849-47C1-B6E0-FC8711DC18FD}.Debug|x86.ActiveCfg = Debug|Win32
		{AC3572F3-1849-47C1-B6E0-FC8711DC18FD}.Debug|x86.Build.0 = Debug|Win32
		{AC3572F3-1849-47C1-B6E0-FC8711DC18FD}.Release|x64.ActiveCfg = Release|x64
		{AC3572F3-1849-47C1-B6E0-FC8711DC18FD}.Release|x64.Build.0 = Release|x64
		{AC3572F3-1849-47C1-B6E0-FC8711DC18FD}.Release|x86.ActiveCfg = Release|Win32
		{AC3572F3-1849-47C1-B6E0-FC8711DC18FD}.Release|x86.Build.0 = Release|Win32
		{13660C89-0018-4895-B2E7-1924FF6D7755}.Debug|x64.ActiveCfg = Debug|x64
		{13660C89-0018-4895-B2E7-1924FF6D7755}.Debug|x64.Build.0 = Debug|x64
		{13660C89-0018-4895-B2E7-1924FF6D7755}.Debug|x86.ActiveCfg = Debug|Win32
		{13660C89-0018-4895-B2E7-1924FF6D7755}.Debug|x86.Build.0 = Debug|Win32
		{13660C89-0018-4895-B2E7-1924FF6D7755}.Release|x64.ActiveCfg = Release|x64
		{13660C89-0018-4895-B2E7-1924FF6D7755}.Release|x64.Build.0 = Release|x64
		{13660C89-0018-4895-B2E7-1924FF6D7755}.Release|x86.ActiveCfg = Release|Win32
		{13660C89-0018-4895-B2E7-1924FF6D7755}.Release|x86.Build.0 = Release|Win32
	EndGlobalSection
	GlobalSection(SolutionProperties) = preSolution
		HideSolutionNode = FALSE
	EndGlobalSection
	GlobalSection(NestedProjects) = preSolution
		{BDC45FE7-FF17-48C5-BC87-B719542D8828} = {8C7CF31F-2B63-4E1E-BFAB-CCB300B710D2}
		{39521382-88C1-4969-9569-801AF2BEF82C} = {803EC5E1-50ED-4415-9969-303120CE710C}
		{D6AE8989-3CF9-4DDF-8885-6EDF444A91AC} = {8C7CF31F-2B63-4E1E-BFAB-CCB300B710D2}
		{589BDEBF-D588-4293-8DC1-BFCFDFE5DFAD} = {803EC5E1-50ED-4415-9969-303120CE710C}
		{AC3572F3-1849-47C1-B6E0-FC8711DC18FD} = {25DF4144-5414-4999-89BE-EE8F05E75DF2}
		{13660C89-0018-4895-B2E7-1924FF6D7755} = {25DF4144-5414-4999-89BE-EE8F05E75DF2}
	EndGlobalSection
	GlobalSection(ExtensibilityGlobals) = postSolution
		SolutionGuid = {16938933-5DA0-4256-9DBF-848B713172DF}
	EndGlobalSection
EndGlobal
