<?xml version="1.0" encoding="utf-8"?>
<Project ToolsVersion="4.0" xmlns="http://schemas.microsoft.com/developer/msbuild/2003">
  <ItemGroup>
    <Filter Include="Standard">
      <UniqueIdentifier>{8f479adc-00ba-490c-879d-200ca4eb45e1}</UniqueIdentifier>
    </Filter>
    <Filter Include="Source">
      <UniqueIdentifier>{4FC737F1-C7A5-4376-A066-2A32D752A2FF}</UniqueIdentifier>
      <Extensions>cpp;c;cc;cxx;def;odl;idl;hpj;bat;asm;asmx</Extensions>
    </Filter>
  </ItemGroup>
  <ItemGroup>
    <ClInclude Include="framework.h">
      <Filter>Standard</Filter>
    </ClInclude>
    <ClInclude Include="pch.h">
      <Filter>Standard</Filter>
    </ClInclude>
  </ItemGroup>
  <ItemGroup>
    <ClCompile Include="dllmain.cpp">
      <Filter>Standard</Filter>
    </ClCompile>
    <ClCompile Include="pch.cpp">
      <Filter>Standard</Filter>
    </ClCompile>
    <ClCompile Include="..\..\source\DLLRefrigerator.cpp">
      <Filter>Source</Filter>
    </ClCompile>
  </ItemGroup>
</Project>